
Microsoft Visual Studio Solution File, Format Version 12.00
# Visual Studio Version 16
VisualStudioVersion = 16.0.31025.194
MinimumVisualStudioVersion = 10.0.40219.1
Project("{FAE04EC0-301F-11D3-BF4B-00C04F79EFBC}") = "winformCrawling", "winformCrawling\winformCrawling.csproj", "{BB9B53E7-AA53-4921-B5DF-530CB2128A6B}"
EndProject
Global
	GlobalSection(SolutionConfigurationPlatforms) = preSolution
		Debug|Any CPU = Debug|Any CPU
		Release|Any CPU = Release|Any CPU
	EndGlobalSection
	GlobalSection(ProjectConfigurationPlatforms) = postSolution
		{BB9B53E7-AA53-4921-B5DF-530CB2128A6B}.Debug|Any CPU.ActiveCfg = Debug|Any CPU
		{BB9B53E7-AA53-4921-B5DF-530CB2128A6B}.Debug|Any CPU.Build.0 = Debug|Any CPU
		{BB9B53E7-AA53-4921-B5DF-530CB2128A6B}.Release|Any CPU.ActiveCfg = Release|Any CPU
		{BB9B53E7-AA53-4921-B5DF-530CB2128A6B}.Release|Any CPU.Build.0 = Release|Any CPU
	EndGlobalSection
	GlobalSection(SolutionProperties) = preSolution
		HideSolutionNode = FALSE
	EndGlobalSection
	GlobalSection(ExtensibilityGlobals) = postSolution
		SolutionGuid = {065AF85A-5C75-432F-9372-F6DCD5270231}
	EndGlobalSection
EndGlobal
